
Microsoft Visual Studio Solution File, Format Version 12.00
# Visual Studio Version 16
VisualStudioVersion = 16.0.31624.102
MinimumVisualStudioVersion = 10.0.40219.1
Project("{FAE04EC0-301F-11D3-BF4B-00C04F79EFBC}") = "DanmarksRadio", "DanmarksRadio\DanmarksRadio.csproj", "{D5E55BC3-2BAA-4D98-8501-21FC14DE54C5}"
EndProject
Project("{FAE04EC0-301F-11D3-BF4B-00C04F79EFBC}") = "DanmarksRadioTests", "DanmarksRadioTests\DanmarksRadioTests.csproj", "{ACCCFA36-6C18-4CA8-B23E-17767AED6441}"
EndProject
Global
	GlobalSection(SolutionConfigurationPlatforms) = preSolution
		Debug|Any CPU = Debug|Any CPU
		Release|Any CPU = Release|Any CPU
	EndGlobalSection
	GlobalSection(ProjectConfigurationPlatforms) = postSolution
		{D5E55BC3-2BAA-4D98-8501-21FC14DE54C5}.Debug|Any CPU.ActiveCfg = Debug|Any CPU
		{D5E55BC3-2BAA-4D98-8501-21FC14DE54C5}.Debug|Any CPU.Build.0 = Debug|Any CPU
		{D5E55BC3-2BAA-4D98-8501-21FC14DE54C5}.Release|Any CPU.ActiveCfg = Release|Any CPU
		{D5E55BC3-2BAA-4D98-8501-21FC14DE54C5}.Release|Any CPU.Build.0 = Release|Any CPU
		{ACCCFA36-6C18-4CA8-B23E-17767AED6441}.Debug|Any CPU.ActiveCfg = Debug|Any CPU
		{ACCCFA36-6C18-4CA8-B23E-17767AED6441}.Debug|Any CPU.Build.0 = Debug|Any CPU
		{ACCCFA36-6C18-4CA8-B23E-17767AED6441}.Release|Any CPU.ActiveCfg = Release|Any CPU
		{ACCCFA36-6C18-4CA8-B23E-17767AED6441}.Release|Any CPU.Build.0 = Release|Any CPU
	EndGlobalSection
	GlobalSection(SolutionProperties) = preSolution
		HideSolutionNode = FALSE
	EndGlobalSection
	GlobalSection(ExtensibilityGlobals) = postSolution
		SolutionGuid = {038B62C5-CD22-4BE6-A596-73515D6C5876}
	EndGlobalSection
EndGlobal
